
Microsoft Visual Studio Solution File, Format Version 11.00
# Visual Studio 2010
Project("{FAE04EC0-301F-11D3-BF4B-00C04F79EFBC}") = "Assembly-CSharp", "Assembly-CSharp.csproj", "{F10315FB-5F72-C8CE-1306-21CB9A2EF021}"
EndProject
Project("{FAE04EC0-301F-11D3-BF4B-00C04F79EFBC}") = "Assembly-CSharp-Editor", "Assembly-CSharp-Editor.csproj", "{EC32F121-7922-011A-67B1-9298EACC6FB4}"
EndProject
Global
	GlobalSection(SolutionConfigurationPlatforms) = preSolution
		Debug|Any CPU = Debug|Any CPU
		Release|Any CPU = Release|Any CPU
	EndGlobalSection
	GlobalSection(ProjectConfigurationPlatforms) = postSolution
		{F10315FB-5F72-C8CE-1306-21CB9A2EF021}.Debug|Any CPU.ActiveCfg = Debug|Any CPU
		{F10315FB-5F72-C8CE-1306-21CB9A2EF021}.Debug|Any CPU.Build.0 = Debug|Any CPU
		{F10315FB-5F72-C8CE-1306-21CB9A2EF021}.Release|Any CPU.ActiveCfg = Release|Any CPU
		{F10315FB-5F72-C8CE-1306-21CB9A2EF021}.Release|Any CPU.Build.0 = Release|Any CPU
		{EC32F121-7922-011A-67B1-9298EACC6FB4}.Debug|Any CPU.ActiveCfg = Debug|Any CPU
		{EC32F121-7922-011A-67B1-9298EACC6FB4}.Debug|Any CPU.Build.0 = Debug|Any CPU
		{EC32F121-7922-011A-67B1-9298EACC6FB4}.Release|Any CPU.ActiveCfg = Release|Any CPU
		{EC32F121-7922-011A-67B1-9298EACC6FB4}.Release|Any CPU.Build.0 = Release|Any CPU
	EndGlobalSection
	GlobalSection(SolutionProperties) = preSolution
		HideSolutionNode = FALSE
	EndGlobalSection
	GlobalSection(MonoDevelopProperties) = preSolution
		StartupItem = Assembly-CSharp.csproj
	EndGlobalSection
EndGlobal
